{
  "name": "tiny-overlay",
  "version": "1.0.0",
  "lockfileVersion": 1,
  "requires": true,
  "dependencies": {
    "@fortawesome/fontawesome-free": {
      "version": "5.8.1",
      "resolved": "https://registry.npmjs.org/@fortawesome/fontawesome-free/-/fontawesome-free-5.8.1.tgz",
      "integrity": "sha512-GJtx6e55qLEOy2gPOsok2lohjpdWNGrYGtQx0FFT/++K4SYx+Z8LlPHdQBaFzKEwH5IbBB4fNgb//uyZjgYXoA==",
      "dev": true
    },
    "tinymce": {
      "version": "5.0.3",
      "resolved": "https://registry.npmjs.org/tinymce/-/tinymce-5.0.3.tgz",
      "integrity": "sha512-x7D0ttqn176Z4CWQIITMjcEtMGUjiaK0Y2FN2vO8DiyUeIHCdr70jJDSoGhuXtXX70Sw4Bd5UFfqIn/bG3HXcg==",
      "dev": true
    }
  }
}
